
Microsoft Visual Studio Solution File, Format Version 12.00
# Visual Studio Version 16
VisualStudioVersion = 16.0.29424.173
MinimumVisualStudioVersion = 10.0.40219.1
Project("{FAE04EC0-301F-11D3-BF4B-00C04F79EFBC}") = "ConsoleApp3", "ConsoleApp3\ConsoleApp3.csproj", "{B0A7B8DC-418C-40A0-8572-25BDE3599E11}"
EndProject
Global
	GlobalSection(SolutionConfigurationPlatforms) = preSolution
		Debug|Any CPU = Debug|Any CPU
		Release|Any CPU = Release|Any CPU
	EndGlobalSection
	GlobalSection(ProjectConfigurationPlatforms) = postSolution
		{B0A7B8DC-418C-40A0-8572-25BDE3599E11}.Debug|Any CPU.ActiveCfg = Debug|Any CPU
		{B0A7B8DC-418C-40A0-8572-25BDE3599E11}.Debug|Any CPU.Build.0 = Debug|Any CPU
		{B0A7B8DC-418C-40A0-8572-25BDE3599E11}.Release|Any CPU.ActiveCfg = Release|Any CPU
		{B0A7B8DC-418C-40A0-8572-25BDE3599E11}.Release|Any CPU.Build.0 = Release|Any CPU
	EndGlobalSection
	GlobalSection(SolutionProperties) = preSolution
		HideSolutionNode = FALSE
	EndGlobalSection
	GlobalSection(ExtensibilityGlobals) = postSolution
		SolutionGuid = {DB930E81-B511-4B1D-A457-1B40413695AF}
	EndGlobalSection
EndGlobal
